
Microsoft Visual Studio Solution File, Format Version 12.00
# Visual Studio 2013
VisualStudioVersion = 12.0.21005.1
MinimumVisualStudioVersion = 10.0.40219.1
Project("{FAE04EC0-301F-11D3-BF4B-00C04F79EFBC}") = "ServerApp", "Serie_3_Cat\ServerApp.csproj", "{2F2ECB6A-C910-4EED-950D-A532A6210AF9}"
EndProject
Project("{FAE04EC0-301F-11D3-BF4B-00C04F79EFBC}") = "ClientApp", "ClientApp\ClientApp.csproj", "{7097046C-D0EB-4AFB-BA61-AB7DC1F464C5}"
EndProject
Project("{FAE04EC0-301F-11D3-BF4B-00C04F79EFBC}") = "ServerUtils", "ServerUtils\ServerUtils.csproj", "{0BA74047-8E59-4C62-A38C-8EC8EE1A949F}"
EndProject
Project("{2150E333-8FDC-42A3-9474-1A3956D46DE8}") = "Ex1_Ex2", "Ex1_Ex2", "{5C09551A-1D2D-45DA-AFFE-A0239BE9575C}"
EndProject
Project("{2150E333-8FDC-42A3-9474-1A3956D46DE8}") = "Ex3_Ex4", "Ex3_Ex4", "{07B5E11E-9BE1-45E8-9636-26E4F10ADF47}"
EndProject
Project("{2150E333-8FDC-42A3-9474-1A3956D46DE8}") = "Ex5", "Ex5", "{58B2CDD4-8922-463A-BA32-A69DAE88D8F7}"
EndProject
Project("{FAE04EC0-301F-11D3-BF4B-00C04F79EFBC}") = "ClientApp_AsyncVersion", "ClientApp_AsyncVersion\ClientApp_AsyncVersion.csproj", "{F77A78D0-F930-44EA-B0FB-1C856820B3B3}"
EndProject
Project("{FAE04EC0-301F-11D3-BF4B-00C04F79EFBC}") = "FileSearchApp", "FileSearchApp\FileSearchApp.csproj", "{77793105-F450-47D8-80A0-9CAD9F0BFD91}"
EndProject
Project("{FAE04EC0-301F-11D3-BF4B-00C04F79EFBC}") = "FileSearchTPL", "FileSearchTPL\FileSearchTPL.csproj", "{C611D353-E6D6-4AB9-976B-AD4739AD4CE5}"
EndProject
Global
	GlobalSection(SolutionConfigurationPlatforms) = preSolution
		Debug|Any CPU = Debug|Any CPU
		Release|Any CPU = Release|Any CPU
	EndGlobalSection
	GlobalSection(ProjectConfigurationPlatforms) = postSolution
		{2F2ECB6A-C910-4EED-950D-A532A6210AF9}.Debug|Any CPU.ActiveCfg = Debug|Any CPU
		{2F2ECB6A-C910-4EED-950D-A532A6210AF9}.Debug|Any CPU.Build.0 = Debug|Any CPU
		{2F2ECB6A-C910-4EED-950D-A532A6210AF9}.Release|Any CPU.ActiveCfg = Release|Any CPU
		{2F2ECB6A-C910-4EED-950D-A532A6210AF9}.Release|Any CPU.Build.0 = Release|Any CPU
		{7097046C-D0EB-4AFB-BA61-AB7DC1F464C5}.Debug|Any CPU.ActiveCfg = Debug|Any CPU
		{7097046C-D0EB-4AFB-BA61-AB7DC1F464C5}.Debug|Any CPU.Build.0 = Debug|Any CPU
		{7097046C-D0EB-4AFB-BA61-AB7DC1F464C5}.Release|Any CPU.ActiveCfg = Release|Any CPU
		{7097046C-D0EB-4AFB-BA61-AB7DC1F464C5}.Release|Any CPU.Build.0 = Release|Any CPU
		{0BA74047-8E59-4C62-A38C-8EC8EE1A949F}.Debug|Any CPU.ActiveCfg = Debug|Any CPU
		{0BA74047-8E59-4C62-A38C-8EC8EE1A949F}.Debug|Any CPU.Build.0 = Debug|Any CPU
		{0BA74047-8E59-4C62-A38C-8EC8EE1A949F}.Release|Any CPU.ActiveCfg = Release|Any CPU
		{0BA74047-8E59-4C62-A38C-8EC8EE1A949F}.Release|Any CPU.Build.0 = Release|Any CPU
		{F77A78D0-F930-44EA-B0FB-1C856820B3B3}.Debug|Any CPU.ActiveCfg = Debug|Any CPU
		{F77A78D0-F930-44EA-B0FB-1C856820B3B3}.Debug|Any CPU.Build.0 = Debug|Any CPU
		{F77A78D0-F930-44EA-B0FB-1C856820B3B3}.Release|Any CPU.ActiveCfg = Release|Any CPU
		{F77A78D0-F930-44EA-B0FB-1C856820B3B3}.Release|Any CPU.Build.0 = Release|Any CPU
		{77793105-F450-47D8-80A0-9CAD9F0BFD91}.Debug|Any CPU.ActiveCfg = Debug|Any CPU
		{77793105-F450-47D8-80A0-9CAD9F0BFD91}.Debug|Any CPU.Build.0 = Debug|Any CPU
		{77793105-F450-47D8-80A0-9CAD9F0BFD91}.Release|Any CPU.ActiveCfg = Release|Any CPU
		{77793105-F450-47D8-80A0-9CAD9F0BFD91}.Release|Any CPU.Build.0 = Release|Any CPU
		{C611D353-E6D6-4AB9-976B-AD4739AD4CE5}.Debug|Any CPU.ActiveCfg = Debug|Any CPU
		{C611D353-E6D6-4AB9-976B-AD4739AD4CE5}.Debug|Any CPU.Build.0 = Debug|Any CPU
		{C611D353-E6D6-4AB9-976B-AD4739AD4CE5}.Release|Any CPU.ActiveCfg = Release|Any CPU
		{C611D353-E6D6-4AB9-976B-AD4739AD4CE5}.Release|Any CPU.Build.0 = Release|Any CPU
	EndGlobalSection
	GlobalSection(SolutionProperties) = preSolution
		HideSolutionNode = FALSE
	EndGlobalSection
	GlobalSection(NestedProjects) = preSolution
		{0BA74047-8E59-4C62-A38C-8EC8EE1A949F} = {5C09551A-1D2D-45DA-AFFE-A0239BE9575C}
		{7097046C-D0EB-4AFB-BA61-AB7DC1F464C5} = {5C09551A-1D2D-45DA-AFFE-A0239BE9575C}
		{2F2ECB6A-C910-4EED-950D-A532A6210AF9} = {5C09551A-1D2D-45DA-AFFE-A0239BE9575C}
		{77793105-F450-47D8-80A0-9CAD9F0BFD91} = {07B5E11E-9BE1-45E8-9636-26E4F10ADF47}
		{C611D353-E6D6-4AB9-976B-AD4739AD4CE5} = {07B5E11E-9BE1-45E8-9636-26E4F10ADF47}
		{F77A78D0-F930-44EA-B0FB-1C856820B3B3} = {58B2CDD4-8922-463A-BA32-A69DAE88D8F7}
	EndGlobalSection
EndGlobal
